github.com/olHlo/libmodule v1.0.0 h1:Lmi21/PXSEsduOuRxY/kHyamHaYly1fYfLUPBK2YyGg=
github.com/olHlo/libmodule v1.0.0/go.mod h1:H2zBOYIzaaVijIn9I00HgBdMo+maYSwDDA9a6PsbHzA=
github.com/olHlo/libmodule v1.0.1 h1:YPxLPRpZzMyliske+8TuJGavFvJ2TnF7TBJo4ugwONY=
github.com/olHlo/libmodule v1.0.1/go.mod h1:H2zBOYIzaaVijIn9I00HgBdMo+maYSwDDA9a6PsbHzA=
